
Microsoft Visual Studio Solution File, Format Version 12.00
# Visual Studio Version 17
VisualStudioVersion = 17.0.31903.59
MinimumVisualStudioVersion = 10.0.40219.1
Project("{2150E333-8FDC-42A3-9474-1A3956D46DE8}") = "src", "src", "{F3E48451-DE79-46CC-831E-4A3376B1B916}"
EndProject
Project("{2150E333-8FDC-42A3-9474-1A3956D46DE8}") = "corePackages", "corePackages", "{B4F90993-C8D7-4D9F-B7BA-2A6869E1D2BB}"
EndProject
Project("{FAE04EC0-301F-11D3-BF4B-00C04F79EFBC}") = "Core.CrossCuttingConcerns", "src\corePackages\Core.CrossCuttingConcers\Core.CrossCuttingConcerns.csproj", "{320EF5ED-08E0-44CE-BAFB-CA3B662C0FF7}"
EndProject
Project("{FAE04EC0-301F-11D3-BF4B-00C04F79EFBC}") = "Core.Mailing", "src\corePackages\Core.Mailing\Core.Mailing.csproj", "{BEBB9BA4-8FBB-43F4-931B-407F42A6E5F0}"
EndProject
Project("{FAE04EC0-301F-11D3-BF4B-00C04F79EFBC}") = "Core.Security", "src\corePackages\Core.Security\Core.Security.csproj", "{86D1C6C7-ACEF-493B-9B42-1EBCA61B4429}"
EndProject
Project("{FAE04EC0-301F-11D3-BF4B-00C04F79EFBC}") = "Core.ElasticSearch", "src\corePackages\Core.ElasticSearch\Core.ElasticSearch.csproj", "{918B7E06-491F-40AE-B7C8-C62441BF84B0}"
EndProject
Project("{FAE04EC0-301F-11D3-BF4B-00C04F79EFBC}") = "Core.Persistence", "src\corePackages\Core.Persistence\Core.Persistence.csproj", "{4395C063-6CCF-4116-AF64-E9AD96351134}"
EndProject
Project("{2150E333-8FDC-42A3-9474-1A3956D46DE8}") = "mainPackages", "mainPackages", "{D16DC2E2-0BC6-440E-B512-BD20C3427655}"
EndProject
Project("{FAE04EC0-301F-11D3-BF4B-00C04F79EFBC}") = "diDENGE.Domain", "src\mainPackages\diDENGE.Domain\diDENGE.Domain.csproj", "{3098D2B0-72A8-4992-85EE-ABBDC8030BF0}"
EndProject
Project("{FAE04EC0-301F-11D3-BF4B-00C04F79EFBC}") = "diDENGE.Presentation", "src\mainPackages\diDENGE.Presentation\diDENGE.Presentation.csproj", "{022FBC74-D34C-4EFF-8435-DAC24C118641}"
EndProject
Project("{FAE04EC0-301F-11D3-BF4B-00C04F79EFBC}") = "diDENGE.Persistance", "src\mainPackages\diDENGE.Persistance\diDENGE.Persistance.csproj", "{F34A10A5-F4B5-42F6-ABF9-170497637606}"
EndProject
Project("{FAE04EC0-301F-11D3-BF4B-00C04F79EFBC}") = "diDENGE.WebAPI", "src\mainPackages\diDENGE.WebAPI\diDENGE.WebAPI.csproj", "{3F9EE731-211E-4644-BDF2-501EC4EC6111}"
EndProject
Project("{FAE04EC0-301F-11D3-BF4B-00C04F79EFBC}") = "diDENGE.Infrastructure", "src\mainPackages\diDENGE.Infrastructure\diDENGE.Infrastructure.csproj", "{3D5DDD04-3368-4AD8-B3D7-35D486D1BE92}"
EndProject
Project("{FAE04EC0-301F-11D3-BF4B-00C04F79EFBC}") = "diDENGE.Application", "src\mainPackages\diDENGE.Application\diDENGE.Application.csproj", "{DEC09E0C-E644-4CAE-98A1-5BDB38D62133}"
EndProject
Project("{FAE04EC0-301F-11D3-BF4B-00C04F79EFBC}") = "Core.Application", "src\corePackages\Core.Application\Core.Application.csproj", "{F98C652E-CE5C-4F1E-AD99-58D3C0C47A69}"
EndProject
Project("{2150E333-8FDC-42A3-9474-1A3956D46DE8}") = "Solution Items", "Solution Items", "{AAA24B89-C8CF-4F1A-97DA-F3DE9FB07F34}"
	ProjectSection(SolutionItems) = preProject
		docker-compose.yml = docker-compose.yml
		docker-compose.override.yml = docker-compose.override.yml
	EndProjectSection
EndProject
Global
	GlobalSection(SolutionConfigurationPlatforms) = preSolution
		Debug|Any CPU = Debug|Any CPU
		Release|Any CPU = Release|Any CPU
	EndGlobalSection
	GlobalSection(SolutionProperties) = preSolution
		HideSolutionNode = FALSE
	EndGlobalSection
	GlobalSection(ProjectConfigurationPlatforms) = postSolution
		{320EF5ED-08E0-44CE-BAFB-CA3B662C0FF7}.Debug|Any CPU.ActiveCfg = Debug|Any CPU
		{320EF5ED-08E0-44CE-BAFB-CA3B662C0FF7}.Debug|Any CPU.Build.0 = Debug|Any CPU
		{320EF5ED-08E0-44CE-BAFB-CA3B662C0FF7}.Release|Any CPU.ActiveCfg = Release|Any CPU
		{320EF5ED-08E0-44CE-BAFB-CA3B662C0FF7}.Release|Any CPU.Build.0 = Release|Any CPU
		{BEBB9BA4-8FBB-43F4-931B-407F42A6E5F0}.Debug|Any CPU.ActiveCfg = Debug|Any CPU
		{BEBB9BA4-8FBB-43F4-931B-407F42A6E5F0}.Debug|Any CPU.Build.0 = Debug|Any CPU
		{BEBB9BA4-8FBB-43F4-931B-407F42A6E5F0}.Release|Any CPU.ActiveCfg = Release|Any CPU
		{BEBB9BA4-8FBB-43F4-931B-407F42A6E5F0}.Release|Any CPU.Build.0 = Release|Any CPU
		{86D1C6C7-ACEF-493B-9B42-1EBCA61B4429}.Debug|Any CPU.ActiveCfg = Debug|Any CPU
		{86D1C6C7-ACEF-493B-9B42-1EBCA61B4429}.Debug|Any CPU.Build.0 = Debug|Any CPU
		{86D1C6C7-ACEF-493B-9B42-1EBCA61B4429}.Release|Any CPU.ActiveCfg = Release|Any CPU
		{86D1C6C7-ACEF-493B-9B42-1EBCA61B4429}.Release|Any CPU.Build.0 = Release|Any CPU
		{918B7E06-491F-40AE-B7C8-C62441BF84B0}.Debug|Any CPU.ActiveCfg = Debug|Any CPU
		{918B7E06-491F-40AE-B7C8-C62441BF84B0}.Debug|Any CPU.Build.0 = Debug|Any CPU
		{918B7E06-491F-40AE-B7C8-C62441BF84B0}.Release|Any CPU.ActiveCfg = Release|Any CPU
		{918B7E06-491F-40AE-B7C8-C62441BF84B0}.Release|Any CPU.Build.0 = Release|Any CPU
		{4395C063-6CCF-4116-AF64-E9AD96351134}.Debug|Any CPU.ActiveCfg = Debug|Any CPU
		{4395C063-6CCF-4116-AF64-E9AD96351134}.Debug|Any CPU.Build.0 = Debug|Any CPU
		{4395C063-6CCF-4116-AF64-E9AD96351134}.Release|Any CPU.ActiveCfg = Release|Any CPU
		{4395C063-6CCF-4116-AF64-E9AD96351134}.Release|Any CPU.Build.0 = Release|Any CPU
		{3098D2B0-72A8-4992-85EE-ABBDC8030BF0}.Debug|Any CPU.ActiveCfg = Debug|Any CPU
		{3098D2B0-72A8-4992-85EE-ABBDC8030BF0}.Debug|Any CPU.Build.0 = Debug|Any CPU
		{3098D2B0-72A8-4992-85EE-ABBDC8030BF0}.Release|Any CPU.ActiveCfg = Release|Any CPU
		{3098D2B0-72A8-4992-85EE-ABBDC8030BF0}.Release|Any CPU.Build.0 = Release|Any CPU
		{022FBC74-D34C-4EFF-8435-DAC24C118641}.Debug|Any CPU.ActiveCfg = Debug|Any CPU
		{022FBC74-D34C-4EFF-8435-DAC24C118641}.Debug|Any CPU.Build.0 = Debug|Any CPU
		{022FBC74-D34C-4EFF-8435-DAC24C118641}.Release|Any CPU.ActiveCfg = Release|Any CPU
		{022FBC74-D34C-4EFF-8435-DAC24C118641}.Release|Any CPU.Build.0 = Release|Any CPU
		{F34A10A5-F4B5-42F6-ABF9-170497637606}.Debug|Any CPU.ActiveCfg = Debug|Any CPU
		{F34A10A5-F4B5-42F6-ABF9-170497637606}.Debug|Any CPU.Build.0 = Debug|Any CPU
		{F34A10A5-F4B5-42F6-ABF9-170497637606}.Release|Any CPU.ActiveCfg = Release|Any CPU
		{F34A10A5-F4B5-42F6-ABF9-170497637606}.Release|Any CPU.Build.0 = Release|Any CPU
		{3F9EE731-211E-4644-BDF2-501EC4EC6111}.Debug|Any CPU.ActiveCfg = Debug|Any CPU
		{3F9EE731-211E-4644-BDF2-501EC4EC6111}.Debug|Any CPU.Build.0 = Debug|Any CPU
		{3F9EE731-211E-4644-BDF2-501EC4EC6111}.Release|Any CPU.ActiveCfg = Release|Any CPU
		{3F9EE731-211E-4644-BDF2-501EC4EC6111}.Release|Any CPU.Build.0 = Release|Any CPU
		{3D5DDD04-3368-4AD8-B3D7-35D486D1BE92}.Debug|Any CPU.ActiveCfg = Debug|Any CPU
		{3D5DDD04-3368-4AD8-B3D7-35D486D1BE92}.Debug|Any CPU.Build.0 = Debug|Any CPU
		{3D5DDD04-3368-4AD8-B3D7-35D486D1BE92}.Release|Any CPU.ActiveCfg = Release|Any CPU
		{3D5DDD04-3368-4AD8-B3D7-35D486D1BE92}.Release|Any CPU.Build.0 = Release|Any CPU
		{DEC09E0C-E644-4CAE-98A1-5BDB38D62133}.Debug|Any CPU.ActiveCfg = Debug|Any CPU
		{DEC09E0C-E644-4CAE-98A1-5BDB38D62133}.Debug|Any CPU.Build.0 = Debug|Any CPU
		{DEC09E0C-E644-4CAE-98A1-5BDB38D62133}.Release|Any CPU.ActiveCfg = Release|Any CPU
		{DEC09E0C-E644-4CAE-98A1-5BDB38D62133}.Release|Any CPU.Build.0 = Release|Any CPU
		{F98C652E-CE5C-4F1E-AD99-58D3C0C47A69}.Debug|Any CPU.ActiveCfg = Debug|Any CPU
		{F98C652E-CE5C-4F1E-AD99-58D3C0C47A69}.Debug|Any CPU.Build.0 = Debug|Any CPU
		{F98C652E-CE5C-4F1E-AD99-58D3C0C47A69}.Release|Any CPU.ActiveCfg = Release|Any CPU
		{F98C652E-CE5C-4F1E-AD99-58D3C0C47A69}.Release|Any CPU.Build.0 = Release|Any CPU
	EndGlobalSection
	GlobalSection(NestedProjects) = preSolution
		{B4F90993-C8D7-4D9F-B7BA-2A6869E1D2BB} = {F3E48451-DE79-46CC-831E-4A3376B1B916}
		{320EF5ED-08E0-44CE-BAFB-CA3B662C0FF7} = {B4F90993-C8D7-4D9F-B7BA-2A6869E1D2BB}
		{BEBB9BA4-8FBB-43F4-931B-407F42A6E5F0} = {B4F90993-C8D7-4D9F-B7BA-2A6869E1D2BB}
		{86D1C6C7-ACEF-493B-9B42-1EBCA61B4429} = {B4F90993-C8D7-4D9F-B7BA-2A6869E1D2BB}
		{918B7E06-491F-40AE-B7C8-C62441BF84B0} = {B4F90993-C8D7-4D9F-B7BA-2A6869E1D2BB}
		{4395C063-6CCF-4116-AF64-E9AD96351134} = {B4F90993-C8D7-4D9F-B7BA-2A6869E1D2BB}
		{D16DC2E2-0BC6-440E-B512-BD20C3427655} = {F3E48451-DE79-46CC-831E-4A3376B1B916}
		{3098D2B0-72A8-4992-85EE-ABBDC8030BF0} = {D16DC2E2-0BC6-440E-B512-BD20C3427655}
		{022FBC74-D34C-4EFF-8435-DAC24C118641} = {D16DC2E2-0BC6-440E-B512-BD20C3427655}
		{F34A10A5-F4B5-42F6-ABF9-170497637606} = {D16DC2E2-0BC6-440E-B512-BD20C3427655}
		{3F9EE731-211E-4644-BDF2-501EC4EC6111} = {D16DC2E2-0BC6-440E-B512-BD20C3427655}
		{3D5DDD04-3368-4AD8-B3D7-35D486D1BE92} = {D16DC2E2-0BC6-440E-B512-BD20C3427655}
		{DEC09E0C-E644-4CAE-98A1-5BDB38D62133} = {D16DC2E2-0BC6-440E-B512-BD20C3427655}
		{F98C652E-CE5C-4F1E-AD99-58D3C0C47A69} = {B4F90993-C8D7-4D9F-B7BA-2A6869E1D2BB}
	EndGlobalSection
EndGlobal
